
Microsoft Visual Studio Solution File, Format Version 12.00
# Visual Studio 2013
VisualStudioVersion = 12.0.30501.0
MinimumVisualStudioVersion = 10.0.40219.1
Project("{FAE04EC0-301F-11D3-BF4B-00C04F79EFBC}") = "Pushbullet.Api", "Pushbullet.Api\Pushbullet.Api.csproj", "{845D5B8C-668F-4B57-BDBC-6923BF9EA97B}"
EndProject
Project("{FAE04EC0-301F-11D3-BF4B-00C04F79EFBC}") = "Pushbullet.UI.Console", "Pushbullet.UI.Console\Pushbullet.UI.Console.csproj", "{701DB20A-1D18-496D-BB2D-68A5515EF3B4}"
EndProject
Project("{FAE04EC0-301F-11D3-BF4B-00C04F79EFBC}") = "Pushbullet.Api.Tests", "Pushbullet.Api.Tests\Pushbullet.Api.Tests.csproj", "{5518B922-52DE-410F-96B8-39F2B628F221}"
EndProject
Project("{2150E333-8FDC-42A3-9474-1A3956D46DE8}") = "Solution Items", "Solution Items", "{9994E8C1-0D33-4C50-8958-6EDB4A99915B}"
	ProjectSection(SolutionItems) = preProject
		LICENSE = LICENSE
		logo.png = logo.png
	EndProjectSection
EndProject
Project("{FAE04EC0-301F-11D3-BF4B-00C04F79EFBC}") = "Pushbullet.UI.Console.Chocolatey", "Pushbullet.UI.Console.Chocolatey\Pushbullet.UI.Console.Chocolatey.csproj", "{0451BAEF-DF2E-4B98-8644-94EE9415E389}"
	ProjectSection(ProjectDependencies) = postProject
		{701DB20A-1D18-496D-BB2D-68A5515EF3B4} = {701DB20A-1D18-496D-BB2D-68A5515EF3B4}
	EndProjectSection
EndProject
Project("{2150E333-8FDC-42A3-9474-1A3956D46DE8}") = ".build", ".build", "{94B7903F-8F52-4796-9AC8-D8EE0B1F3855}"
	ProjectSection(SolutionItems) = preProject
		Build.proj = Build.proj
		.build\MSBuild.Community.Tasks.dll = .build\MSBuild.Community.Tasks.dll
		.build\MSBuild.Community.Tasks.targets = .build\MSBuild.Community.Tasks.targets
	EndProjectSection
EndProject
Project("{FAE04EC0-301F-11D3-BF4B-00C04F79EFBC}") = "Pushbullet.UI.Win81", "Pushbullet.UI.Win81\Pushbullet.UI.Win81.csproj", "{75CCCE90-11AA-405D-A128-FEA952708D15}"
EndProject
Global
	GlobalSection(SolutionConfigurationPlatforms) = preSolution
		Debug|Any CPU = Debug|Any CPU
		Debug|ARM = Debug|ARM
		Debug|Mixed Platforms = Debug|Mixed Platforms
		Debug|x64 = Debug|x64
		Debug|x86 = Debug|x86
		Deployment|Any CPU = Deployment|Any CPU
		Deployment|ARM = Deployment|ARM
		Deployment|Mixed Platforms = Deployment|Mixed Platforms
		Deployment|x64 = Deployment|x64
		Deployment|x86 = Deployment|x86
		Release|Any CPU = Release|Any CPU
		Release|ARM = Release|ARM
		Release|Mixed Platforms = Release|Mixed Platforms
		Release|x64 = Release|x64
		Release|x86 = Release|x86
	EndGlobalSection
	GlobalSection(ProjectConfigurationPlatforms) = postSolution
		{845D5B8C-668F-4B57-BDBC-6923BF9EA97B}.Debug|Any CPU.ActiveCfg = Debug|Any CPU
		{845D5B8C-668F-4B57-BDBC-6923BF9EA97B}.Debug|Any CPU.Build.0 = Debug|Any CPU
		{845D5B8C-668F-4B57-BDBC-6923BF9EA97B}.Debug|ARM.ActiveCfg = Debug|Any CPU
		{845D5B8C-668F-4B57-BDBC-6923BF9EA97B}.Debug|Mixed Platforms.ActiveCfg = Debug|Any CPU
		{845D5B8C-668F-4B57-BDBC-6923BF9EA97B}.Debug|Mixed Platforms.Build.0 = Debug|Any CPU
		{845D5B8C-668F-4B57-BDBC-6923BF9EA97B}.Debug|x64.ActiveCfg = Debug|Any CPU
		{845D5B8C-668F-4B57-BDBC-6923BF9EA97B}.Debug|x86.ActiveCfg = Debug|Any CPU
		{845D5B8C-668F-4B57-BDBC-6923BF9EA97B}.Deployment|Any CPU.ActiveCfg = Release|Any CPU
		{845D5B8C-668F-4B57-BDBC-6923BF9EA97B}.Deployment|Any CPU.Build.0 = Release|Any CPU
		{845D5B8C-668F-4B57-BDBC-6923BF9EA97B}.Deployment|ARM.ActiveCfg = Debug|Any CPU
		{845D5B8C-668F-4B57-BDBC-6923BF9EA97B}.Deployment|Mixed Platforms.ActiveCfg = Debug|Any CPU
		{845D5B8C-668F-4B57-BDBC-6923BF9EA97B}.Deployment|Mixed Platforms.Build.0 = Debug|Any CPU
		{845D5B8C-668F-4B57-BDBC-6923BF9EA97B}.Deployment|x64.ActiveCfg = Debug|Any CPU
		{845D5B8C-668F-4B57-BDBC-6923BF9EA97B}.Deployment|x86.ActiveCfg = Debug|Any CPU
		{845D5B8C-668F-4B57-BDBC-6923BF9EA97B}.Release|Any CPU.ActiveCfg = Release|Any CPU
		{845D5B8C-668F-4B57-BDBC-6923BF9EA97B}.Release|Any CPU.Build.0 = Release|Any CPU
		{845D5B8C-668F-4B57-BDBC-6923BF9EA97B}.Release|ARM.ActiveCfg = Release|Any CPU
		{845D5B8C-668F-4B57-BDBC-6923BF9EA97B}.Release|Mixed Platforms.ActiveCfg = Release|Any CPU
		{845D5B8C-668F-4B57-BDBC-6923BF9EA97B}.Release|Mixed Platforms.Build.0 = Release|Any CPU
		{845D5B8C-668F-4B57-BDBC-6923BF9EA97B}.Release|x64.ActiveCfg = Release|Any CPU
		{845D5B8C-668F-4B57-BDBC-6923BF9EA97B}.Release|x86.ActiveCfg = Release|Any CPU
		{701DB20A-1D18-496D-BB2D-68A5515EF3B4}.Debug|Any CPU.ActiveCfg = Debug|Any CPU
		{701DB20A-1D18-496D-BB2D-68A5515EF3B4}.Debug|Any CPU.Build.0 = Debug|Any CPU
		{701DB20A-1D18-496D-BB2D-68A5515EF3B4}.Debug|ARM.ActiveCfg = Debug|Any CPU
		{701DB20A-1D18-496D-BB2D-68A5515EF3B4}.Debug|Mixed Platforms.ActiveCfg = Debug|Any CPU
		{701DB20A-1D18-496D-BB2D-68A5515EF3B4}.Debug|Mixed Platforms.Build.0 = Debug|Any CPU
		{701DB20A-1D18-496D-BB2D-68A5515EF3B4}.Debug|x64.ActiveCfg = Debug|Any CPU
		{701DB20A-1D18-496D-BB2D-68A5515EF3B4}.Debug|x86.ActiveCfg = Debug|Any CPU
		{701DB20A-1D18-496D-BB2D-68A5515EF3B4}.Deployment|Any CPU.ActiveCfg = Release|Any CPU
		{701DB20A-1D18-496D-BB2D-68A5515EF3B4}.Deployment|Any CPU.Build.0 = Release|Any CPU
		{701DB20A-1D18-496D-BB2D-68A5515EF3B4}.Deployment|ARM.ActiveCfg = Debug|Any CPU
		{701DB20A-1D18-496D-BB2D-68A5515EF3B4}.Deployment|Mixed Platforms.ActiveCfg = Debug|Any CPU
		{701DB20A-1D18-496D-BB2D-68A5515EF3B4}.Deployment|Mixed Platforms.Build.0 = Debug|Any CPU
		{701DB20A-1D18-496D-BB2D-68A5515EF3B4}.Deployment|x64.ActiveCfg = Debug|Any CPU
		{701DB20A-1D18-496D-BB2D-68A5515EF3B4}.Deployment|x86.ActiveCfg = Debug|Any CPU
		{701DB20A-1D18-496D-BB2D-68A5515EF3B4}.Release|Any CPU.ActiveCfg = Release|Any CPU
		{701DB20A-1D18-496D-BB2D-68A5515EF3B4}.Release|Any CPU.Build.0 = Release|Any CPU
		{701DB20A-1D18-496D-BB2D-68A5515EF3B4}.Release|ARM.ActiveCfg = Release|Any CPU
		{701DB20A-1D18-496D-BB2D-68A5515EF3B4}.Release|Mixed Platforms.ActiveCfg = Release|Any CPU
		{701DB20A-1D18-496D-BB2D-68A5515EF3B4}.Release|Mixed Platforms.Build.0 = Release|Any CPU
		{701DB20A-1D18-496D-BB2D-68A5515EF3B4}.Release|x64.ActiveCfg = Release|Any CPU
		{701DB20A-1D18-496D-BB2D-68A5515EF3B4}.Release|x86.ActiveCfg = Release|Any CPU
		{5518B922-52DE-410F-96B8-39F2B628F221}.Debug|Any CPU.ActiveCfg = Debug|Any CPU
		{5518B922-52DE-410F-96B8-39F2B628F221}.Debug|Any CPU.Build.0 = Debug|Any CPU
		{5518B922-52DE-410F-96B8-39F2B628F221}.Debug|ARM.ActiveCfg = Debug|Any CPU
		{5518B922-52DE-410F-96B8-39F2B628F221}.Debug|Mixed Platforms.ActiveCfg = Debug|Any CPU
		{5518B922-52DE-410F-96B8-39F2B628F221}.Debug|Mixed Platforms.Build.0 = Debug|Any CPU
		{5518B922-52DE-410F-96B8-39F2B628F221}.Debug|x64.ActiveCfg = Debug|Any CPU
		{5518B922-52DE-410F-96B8-39F2B628F221}.Debug|x86.ActiveCfg = Debug|Any CPU
		{5518B922-52DE-410F-96B8-39F2B628F221}.Deployment|Any CPU.ActiveCfg = Release|Any CPU
		{5518B922-52DE-410F-96B8-39F2B628F221}.Deployment|ARM.ActiveCfg = Debug|Any CPU
		{5518B922-52DE-410F-96B8-39F2B628F221}.Deployment|Mixed Platforms.ActiveCfg = Debug|Any CPU
		{5518B922-52DE-410F-96B8-39F2B628F221}.Deployment|Mixed Platforms.Build.0 = Debug|Any CPU
		{5518B922-52DE-410F-96B8-39F2B628F221}.Deployment|x64.ActiveCfg = Debug|Any CPU
		{5518B922-52DE-410F-96B8-39F2B628F221}.Deployment|x86.ActiveCfg = Debug|Any CPU
		{5518B922-52DE-410F-96B8-39F2B628F221}.Release|Any CPU.ActiveCfg = Release|Any CPU
		{5518B922-52DE-410F-96B8-39F2B628F221}.Release|Any CPU.Build.0 = Release|Any CPU
		{5518B922-52DE-410F-96B8-39F2B628F221}.Release|ARM.ActiveCfg = Release|Any CPU
		{5518B922-52DE-410F-96B8-39F2B628F221}.Release|Mixed Platforms.ActiveCfg = Release|Any CPU
		{5518B922-52DE-410F-96B8-39F2B628F221}.Release|Mixed Platforms.Build.0 = Release|Any CPU
		{5518B922-52DE-410F-96B8-39F2B628F221}.Release|x64.ActiveCfg = Release|Any CPU
		{5518B922-52DE-410F-96B8-39F2B628F221}.Release|x86.ActiveCfg = Release|Any CPU
		{0451BAEF-DF2E-4B98-8644-94EE9415E389}.Debug|Any CPU.ActiveCfg = Debug|x86
		{0451BAEF-DF2E-4B98-8644-94EE9415E389}.Debug|ARM.ActiveCfg = Debug|x86
		{0451BAEF-DF2E-4B98-8644-94EE9415E389}.Debug|Mixed Platforms.ActiveCfg = Debug|x86
		{0451BAEF-DF2E-4B98-8644-94EE9415E389}.Debug|Mixed Platforms.Build.0 = Debug|x86
		{0451BAEF-DF2E-4B98-8644-94EE9415E389}.Debug|x64.ActiveCfg = Debug|x86
		{0451BAEF-DF2E-4B98-8644-94EE9415E389}.Debug|x86.ActiveCfg = Debug|x86
		{0451BAEF-DF2E-4B98-8644-94EE9415E389}.Debug|x86.Build.0 = Debug|x86
		{0451BAEF-DF2E-4B98-8644-94EE9415E389}.Deployment|Any CPU.ActiveCfg = Debug|x86
		{0451BAEF-DF2E-4B98-8644-94EE9415E389}.Deployment|Any CPU.Build.0 = Debug|x86
		{0451BAEF-DF2E-4B98-8644-94EE9415E389}.Deployment|ARM.ActiveCfg = Debug|x86
		{0451BAEF-DF2E-4B98-8644-94EE9415E389}.Deployment|Mixed Platforms.ActiveCfg = Debug|x86
		{0451BAEF-DF2E-4B98-8644-94EE9415E389}.Deployment|Mixed Platforms.Build.0 = Debug|x86
		{0451BAEF-DF2E-4B98-8644-94EE9415E389}.Deployment|x64.ActiveCfg = Debug|x86
		{0451BAEF-DF2E-4B98-8644-94EE9415E389}.Deployment|x86.ActiveCfg = Debug|x86
		{0451BAEF-DF2E-4B98-8644-94EE9415E389}.Deployment|x86.Build.0 = Debug|x86
		{0451BAEF-DF2E-4B98-8644-94EE9415E389}.Release|Any CPU.ActiveCfg = Debug|x86
		{0451BAEF-DF2E-4B98-8644-94EE9415E389}.Release|ARM.ActiveCfg = Debug|x86
		{0451BAEF-DF2E-4B98-8644-94EE9415E389}.Release|Mixed Platforms.ActiveCfg = Debug|x86
		{0451BAEF-DF2E-4B98-8644-94EE9415E389}.Release|Mixed Platforms.Build.0 = Debug|x86
		{0451BAEF-DF2E-4B98-8644-94EE9415E389}.Release|x64.ActiveCfg = Debug|x86
		{0451BAEF-DF2E-4B98-8644-94EE9415E389}.Release|x86.ActiveCfg = Debug|x86
		{0451BAEF-DF2E-4B98-8644-94EE9415E389}.Release|x86.Build.0 = Debug|x86
		{75CCCE90-11AA-405D-A128-FEA952708D15}.Debug|Any CPU.ActiveCfg = Debug|Any CPU
		{75CCCE90-11AA-405D-A128-FEA952708D15}.Debug|Any CPU.Build.0 = Debug|Any CPU
		{75CCCE90-11AA-405D-A128-FEA952708D15}.Debug|Any CPU.Deploy.0 = Debug|Any CPU
		{75CCCE90-11AA-405D-A128-FEA952708D15}.Debug|ARM.ActiveCfg = Debug|ARM
		{75CCCE90-11AA-405D-A128-FEA952708D15}.Debug|ARM.Build.0 = Debug|ARM
		{75CCCE90-11AA-405D-A128-FEA952708D15}.Debug|ARM.Deploy.0 = Debug|ARM
		{75CCCE90-11AA-405D-A128-FEA952708D15}.Debug|Mixed Platforms.ActiveCfg = Debug|x86
		{75CCCE90-11AA-405D-A128-FEA952708D15}.Debug|Mixed Platforms.Build.0 = Debug|x86
		{75CCCE90-11AA-405D-A128-FEA952708D15}.Debug|Mixed Platforms.Deploy.0 = Debug|x86
		{75CCCE90-11AA-405D-A128-FEA952708D15}.Debug|x64.ActiveCfg = Debug|x64
		{75CCCE90-11AA-405D-A128-FEA952708D15}.Debug|x64.Build.0 = Debug|x64
		{75CCCE90-11AA-405D-A128-FEA952708D15}.Debug|x64.Deploy.0 = Debug|x64
		{75CCCE90-11AA-405D-A128-FEA952708D15}.Debug|x86.ActiveCfg = Debug|x86
		{75CCCE90-11AA-405D-A128-FEA952708D15}.Debug|x86.Build.0 = Debug|x86
		{75CCCE90-11AA-405D-A128-FEA952708D15}.Debug|x86.Deploy.0 = Debug|x86
		{75CCCE90-11AA-405D-A128-FEA952708D15}.Deployment|Any CPU.ActiveCfg = Debug|Any CPU
		{75CCCE90-11AA-405D-A128-FEA952708D15}.Deployment|Any CPU.Build.0 = Debug|Any CPU
		{75CCCE90-11AA-405D-A128-FEA952708D15}.Deployment|Any CPU.Deploy.0 = Debug|Any CPU
		{75CCCE90-11AA-405D-A128-FEA952708D15}.Deployment|ARM.ActiveCfg = Debug|ARM
		{75CCCE90-11AA-405D-A128-FEA952708D15}.Deployment|ARM.Build.0 = Debug|ARM
		{75CCCE90-11AA-405D-A128-FEA952708D15}.Deployment|ARM.Deploy.0 = Debug|ARM
		{75CCCE90-11AA-405D-A128-FEA952708D15}.Deployment|Mixed Platforms.ActiveCfg = Debug|x86
		{75CCCE90-11AA-405D-A128-FEA952708D15}.Deployment|Mixed Platforms.Build.0 = Debug|x86
		{75CCCE90-11AA-405D-A128-FEA952708D15}.Deployment|Mixed Platforms.Deploy.0 = Debug|x86
		{75CCCE90-11AA-405D-A128-FEA952708D15}.Deployment|x64.ActiveCfg = Debug|x64
		{75CCCE90-11AA-405D-A128-FEA952708D15}.Deployment|x64.Build.0 = Debug|x64
		{75CCCE90-11AA-405D-A128-FEA952708D15}.Deployment|x64.Deploy.0 = Debug|x64
		{75CCCE90-11AA-405D-A128-FEA952708D15}.Deployment|x86.ActiveCfg = Debug|x86
		{75CCCE90-11AA-405D-A128-FEA952708D15}.Deployment|x86.Build.0 = Debug|x86
		{75CCCE90-11AA-405D-A128-FEA952708D15}.Deployment|x86.Deploy.0 = Debug|x86
		{75CCCE90-11AA-405D-A128-FEA952708D15}.Release|Any CPU.ActiveCfg = Release|Any CPU
		{75CCCE90-11AA-405D-A128-FEA952708D15}.Release|Any CPU.Build.0 = Release|Any CPU
		{75CCCE90-11AA-405D-A128-FEA952708D15}.Release|Any CPU.Deploy.0 = Release|Any CPU
		{75CCCE90-11AA-405D-A128-FEA952708D15}.Release|ARM.ActiveCfg = Release|ARM
		{75CCCE90-11AA-405D-A128-FEA952708D15}.Release|ARM.Build.0 = Release|ARM
		{75CCCE90-11AA-405D-A128-FEA952708D15}.Release|ARM.Deploy.0 = Release|ARM
		{75CCCE90-11AA-405D-A128-FEA952708D15}.Release|Mixed Platforms.ActiveCfg = Release|x86
		{75CCCE90-11AA-405D-A128-FEA952708D15}.Release|Mixed Platforms.Build.0 = Release|x86
		{75CCCE90-11AA-405D-A128-FEA952708D15}.Release|Mixed Platforms.Deploy.0 = Release|x86
		{75CCCE90-11AA-405D-A128-FEA952708D15}.Release|x64.ActiveCfg = Release|x64
		{75CCCE90-11AA-405D-A128-FEA952708D15}.Release|x64.Build.0 = Release|x64
		{75CCCE90-11AA-405D-A128-FEA952708D15}.Release|x64.Deploy.0 = Release|x64
		{75CCCE90-11AA-405D-A128-FEA952708D15}.Release|x86.ActiveCfg = Release|x86
		{75CCCE90-11AA-405D-A128-FEA952708D15}.Release|x86.Build.0 = Release|x86
		{75CCCE90-11AA-405D-A128-FEA952708D15}.Release|x86.Deploy.0 = Release|x86
	EndGlobalSection
	GlobalSection(SolutionProperties) = preSolution
		HideSolutionNode = FALSE
	EndGlobalSection
EndGlobal
